// !$*UTF8*$!
{
	archiveVersion = 1;
	classes = {
	};
	objectVersion = 55;
	objects = {

/* Begin PBXBuildFile section */
		71F85DB92830D606008E5A95 /* ContentView.swift in Sources */ = {isa = PBXBuildFile; fileRef = 71F85DB82830D606008E5A95 /* ContentView.swift */; };
		71F85DBB2830D607008E5A95 /* Assets.xcassets in Resources */ = {isa = PBXBuildFile; fileRef = 71F85DBA2830D607008E5A95 /* Assets.xcassets */; };
		71F85DBE2830D607008E5A95 /* Preview Assets.xcassets in Resources */ = {isa = PBXBuildFile; fileRef = 71F85DBD2830D607008E5A95 /* Preview Assets.xcassets */; };
		71F85DC72830D784008E5A95 /* sound-rise.mp3 in Resources */ = {isa = PBXBuildFile; fileRef = 71F85DC52830D784008E5A95 /* sound-rise.mp3 */; };
		71F85DC82830D784008E5A95 /* sound-click.mp3 in Resources */ = {isa = PBXBuildFile; fileRef = 71F85DC62830D784008E5A95 /* sound-click.mp3 */; };
		71F85DCA2830D84A008E5A95 /* AppDelegate.swift in Sources */ = {isa = PBXBuildFile; fileRef = 71F85DC92830D84A008E5A95 /* AppDelegate.swift */; };
		71F85DCC2830D86C008E5A95 /* SceneDelegate.swift in Sources */ = {isa = PBXBuildFile; fileRef = 71F85DCB2830D86C008E5A95 /* SceneDelegate.swift */; };
		71F85DCF2830D94C008E5A95 /* Launch Screen.storyboard in Resources */ = {isa = PBXBuildFile; fileRef = 71F85DCE2830D94C008E5A95 /* Launch Screen.storyboard */; };
		71F85DD42830DAED008E5A95 /* HoneyMoonModel.swift in Sources */ = {isa = PBXBuildFile; fileRef = 71F85DD32830DAED008E5A95 /* HoneyMoonModel.swift */; };
		71F85DD62830DB44008E5A95 /* HoneyMoonData.swift in Sources */ = {isa = PBXBuildFile; fileRef = 71F85DD52830DB44008E5A95 /* HoneyMoonData.swift */; };
		71F85DD92830DBB0008E5A95 /* CardView.swift in Sources */ = {isa = PBXBuildFile; fileRef = 71F85DD82830DBB0008E5A95 /* CardView.swift */; };
/* End PBXBuildFile section */

/* Begin PBXFileReference section */
		71F85DB32830D606008E5A95 /* HoneyMoon.app */ = {isa = PBXFileReference; explicitFileType = wrapper.application; includeInIndex = 0; path = HoneyMoon.app; sourceTree = BUILT_PRODUCTS_DIR; };
		71F85DB82830D606008E5A95 /* ContentView.swift */ = {isa = PBXFileReference; lastKnownFileType = sourcecode.swift; path = ContentView.swift; sourceTree = "<group>"; };
		71F85DBA2830D607008E5A95 /* Assets.xcassets */ = {isa = PBXFileReference; lastKnownFileType = folder.assetcatalog; path = Assets.xcassets; sourceTree = "<group>"; };
		71F85DBD2830D607008E5A95 /* Preview Assets.xcassets */ = {isa = PBXFileReference; lastKnownFileType = folder.assetcatalog; path = "Preview Assets.xcassets"; sourceTree = "<group>"; };
		71F85DC52830D784008E5A95 /* sound-rise.mp3 */ = {isa = PBXFileReference; lastKnownFileType = audio.mp3; path = "sound-rise.mp3"; sourceTree = "<group>"; };
		71F85DC62830D784008E5A95 /* sound-click.mp3 */ = {isa = PBXFileReference; lastKnownFileType = audio.mp3; path = "sound-click.mp3"; sourceTree = "<group>"; };
		71F85DC92830D84A008E5A95 /* AppDelegate.swift */ = {isa = PBXFileReference; lastKnownFileType = sourcecode.swift; path = AppDelegate.swift; sourceTree = "<group>"; };
		71F85DCB2830D86C008E5A95 /* SceneDelegate.swift */ = {isa = PBXFileReference; lastKnownFileType = sourcecode.swift; path = SceneDelegate.swift; sourceTree = "<group>"; };
		71F85DCD2830D8B5008E5A95 /* Info.plist */ = {isa = PBXFileReference; lastKnownFileType = text.plist; path = Info.plist; sourceTree = "<group>"; };
		71F85DCE2830D94C008E5A95 /* Launch Screen.storyboard */ = {isa = PBXFileReference; lastKnownFileType = file.storyboard; path = "Launch Screen.storyboard"; sourceTree = "<group>"; };
		71F85DD32830DAED008E5A95 /* HoneyMoonModel.swift */ = {isa = PBXFileReference; lastKnownFileType = sourcecode.swift; path = HoneyMoonModel.swift; sourceTree = "<group>"; };
		71F85DD52830DB44008E5A95 /* HoneyMoonData.swift */ = {isa = PBXFileReference; lastKnownFileType = sourcecode.swift; path = HoneyMoonData.swift; sourceTree = "<group>"; };
		71F85DD82830DBB0008E5A95 /* CardView.swift */ = {isa = PBXFileReference; lastKnownFileType = sourcecode.swift; path = CardView.swift; sourceTree = "<group>"; };
/* End PBXFileReference section */

/* Begin PBXFrameworksBuildPhase section */
		71F85DB02830D606008E5A95 /* Frameworks */ = {
			isa = PBXFrameworksBuildPhase;
			buildActionMask = 2147483647;
			files = (
			);
			runOnlyForDeploymentPostprocessing = 0;
		};
/* End PBXFrameworksBuildPhase section */

/* Begin PBXGroup section */
		71F85DAA2830D606008E5A95 = {
			isa = PBXGroup;
			children = (
				71F85DB52830D606008E5A95 /* HoneyMoon */,
				71F85DB42830D606008E5A95 /* Products */,
			);
			sourceTree = "<group>";
		};
		71F85DB42830D606008E5A95 /* Products */ = {
			isa = PBXGroup;
			children = (
				71F85DB32830D606008E5A95 /* HoneyMoon.app */,
			);
			name = Products;
			sourceTree = "<group>";
		};
		71F85DB52830D606008E5A95 /* HoneyMoon */ = {
			isa = PBXGroup;
			children = (
				71F85DCD2830D8B5008E5A95 /* Info.plist */,
				71F85DD12830DACF008E5A95 /* View */,
				71F85DD72830DB90008E5A95 /* Data */,
				71F85DD22830DAD5008E5A95 /* Model */,
				71F85DC42830D784008E5A95 /* Sounds */,
				71F85DBC2830D607008E5A95 /* Preview Content */,
				71F85DD02830DAAE008E5A95 /* Resources */,
			);
			path = HoneyMoon;
			sourceTree = "<group>";
		};
		71F85DBC2830D607008E5A95 /* Preview Content */ = {
			isa = PBXGroup;
			children = (
				71F85DBD2830D607008E5A95 /* Preview Assets.xcassets */,
			);
			path = "Preview Content";
			sourceTree = "<group>";
		};
		71F85DC42830D784008E5A95 /* Sounds */ = {
			isa = PBXGroup;
			children = (
				71F85DC52830D784008E5A95 /* sound-rise.mp3 */,
				71F85DC62830D784008E5A95 /* sound-click.mp3 */,
			);
			path = Sounds;
			sourceTree = "<group>";
		};
		71F85DD02830DAAE008E5A95 /* Resources */ = {
			isa = PBXGroup;
			children = (
				71F85DBA2830D607008E5A95 /* Assets.xcassets */,
				71F85DC92830D84A008E5A95 /* AppDelegate.swift */,
				71F85DCB2830D86C008E5A95 /* SceneDelegate.swift */,
				71F85DCE2830D94C008E5A95 /* Launch Screen.storyboard */,
			);
			path = Resources;
			sourceTree = "<group>";
		};
		71F85DD12830DACF008E5A95 /* View */ = {
			isa = PBXGroup;
			children = (
				71F85DB82830D606008E5A95 /* ContentView.swift */,
				71F85DD82830DBB0008E5A95 /* CardView.swift */,
			);
			path = View;
			sourceTree = "<group>";
		};
		71F85DD22830DAD5008E5A95 /* Model */ = {
			isa = PBXGroup;
			children = (
				71F85DD32830DAED008E5A95 /* HoneyMoonModel.swift */,
			);
			path = Model;
			sourceTree = "<group>";
		};
		71F85DD72830DB90008E5A95 /* Data */ = {
			isa = PBXGroup;
			children = (
				71F85DD52830DB44008E5A95 /* HoneyMoonData.swift */,
			);
			path = Data;
			sourceTree = "<group>";
		};
/* End PBXGroup section */

/* Begin PBXNativeTarget section */
		71F85DB22830D606008E5A95 /* HoneyMoon */ = {
			isa = PBXNativeTarget;
			buildConfigurationList = 71F85DC12830D607008E5A95 /* Build configuration list for PBXNativeTarget "HoneyMoon" */;
			buildPhases = (
				71F85DAF2830D606008E5A95 /* Sources */,
				71F85DB02830D606008E5A95 /* Frameworks */,
				71F85DB12830D606008E5A95 /* Resources */,
			);
			buildRules = (
			);
			dependencies = (
			);
			name = HoneyMoon;
			productName = HoneyMoon;
			productReference = 71F85DB32830D606008E5A95 /* HoneyMoon.app */;
			productType = "com.apple.product-type.application";
		};
/* End PBXNativeTarget section */

/* Begin PBXProject section */
		71F85DAB2830D606008E5A95 /* Project object */ = {
			isa = PBXProject;
			attributes = {
				BuildIndependentTargetsInParallel = 1;
				LastSwiftUpdateCheck = 1330;
				LastUpgradeCheck = 1330;
				TargetAttributes = {
					71F85DB22830D606008E5A95 = {
						CreatedOnToolsVersion = 13.3.1;
					};
				};
			};
			buildConfigurationList = 71F85DAE2830D606008E5A95 /* Build configuration list for PBXProject "HoneyMoon" */;
			compatibilityVersion = "Xcode 13.0";
			developmentRegion = en;
			hasScannedForEncodings = 0;
			knownRegions = (
				en,
				Base,
			);
			mainGroup = 71F85DAA2830D606008E5A95;
			productRefGroup = 71F85DB42830D606008E5A95 /* Products */;
			projectDirPath = "";
			projectRoot = "";
			targets = (
				71F85DB22830D606008E5A95 /* HoneyMoon */,
			);
		};
/* End PBXProject section */

/* Begin PBXResourcesBuildPhase section */
		71F85DB12830D606008E5A95 /* Resources */ = {
			isa = PBXResourcesBuildPhase;
			buildActionMask = 2147483647;
			files = (
				71F85DC72830D784008E5A95 /* sound-rise.mp3 in Resources */,
				71F85DC82830D784008E5A95 /* sound-click.mp3 in Resources */,
				71F85DBE2830D607008E5A95 /* Preview Assets.xcassets in Resources */,
				71F85DCF2830D94C008E5A95 /* Launch Screen.storyboard in Resources */,
				71F85DBB2830D607008E5A95 /* Assets.xcassets in Resources */,
			);
			runOnlyForDeploymentPostprocessing = 0;
		};
/* End PBXResourcesBuildPhase section */

/* Begin PBXSourcesBuildPhase section */
		71F85DAF2830D606008E5A95 /* Sources */ = {
			isa = PBXSourcesBuildPhase;
			buildActionMask = 2147483647;
			files = (
				71F85DD62830DB44008E5A95 /* HoneyMoonData.swift in Sources */,
				71F85DD42830DAED008E5A95 /* HoneyMoonModel.swift in Sources */,
				71F85DCA2830D84A008E5A95 /* AppDelegate.swift in Sources */,
				71F85DB92830D606008E5A95 /* ContentView.swift in Sources */,
				71F85DD92830DBB0008E5A95 /* CardView.swift in Sources */,
				71F85DCC2830D86C008E5A95 /* SceneDelegate.swift in Sources */,
			);
			runOnlyForDeploymentPostprocessing = 0;
		};
/* End PBXSourcesBuildPhase section */

/* Begin XCBuildConfiguration section */
		71F85DBF2830D607008E5A95 /* Debug */ = {
			isa = XCBuildConfiguration;
			buildSettings = {
				ALWAYS_SEARCH_USER_PATHS = NO;
				CLANG_ANALYZER_NONNULL = YES;
				CLANG_ANALYZER_NUMBER_OBJECT_CONVERSION = YES_AGGRESSIVE;
				CLANG_CXX_LANGUAGE_STANDARD = "gnu++17";
				CLANG_ENABLE_MODULES = YES;
				CLANG_ENABLE_OBJC_ARC = YES;
				CLANG_ENABLE_OBJC_WEAK = YES;
				CLANG_WARN_BLOCK_CAPTURE_AUTORELEASING = YES;
				CLANG_WARN_BOOL_CONVERSION = YES;
				CLANG_WARN_COMMA = YES;
				CLANG_WARN_CONSTANT_CONVERSION = YES;
				CLANG_WARN_DEPRECATED_OBJC_IMPLEMENTATIONS = YES;
				CLANG_WARN_DIRECT_OBJC_ISA_USAGE = YES_ERROR;
				CLANG_WARN_DOCUMENTATION_COMMENTS = YES;
				CLANG_WARN_EMPTY_BODY = YES;
				CLANG_WARN_ENUM_CONVERSION = YES;
				CLANG_WARN_INFINITE_RECURSION = YES;
				CLANG_WARN_INT_CONVERSION = YES;
				CLANG_WARN_NON_LITERAL_NULL_CONVERSION = YES;
				CLANG_WARN_OBJC_IMPLICIT_RETAIN_SELF = YES;
				CLANG_WARN_OBJC_LITERAL_CONVERSION = YES;
				CLANG_WARN_OBJC_ROOT_CLASS = YES_ERROR;
				CLANG_WARN_QUOTED_INCLUDE_IN_FRAMEWORK_HEADER = YES;
				CLANG_WARN_RANGE_LOOP_ANALYSIS = YES;
				CLANG_WARN_STRICT_PROTOTYPES = YES;
				CLANG_WARN_SUSPICIOUS_MOVE = YES;
				CLANG_WARN_UNGUARDED_AVAILABILITY = YES_AGGRESSIVE;
				CLANG_WARN_UNREACHABLE_CODE = YES;
				CLANG_WARN__DUPLICATE_METHOD_MATCH = YES;
				COPY_PHASE_STRIP = NO;
				DEBUG_INFORMATION_FORMAT = dwarf;
				ENABLE_STRICT_OBJC_MSGSEND = YES;
				ENABLE_TESTABILITY = YES;
				GCC_C_LANGUAGE_STANDARD = gnu11;
				GCC_DYNAMIC_NO_PIC = NO;
				GCC_NO_COMMON_BLOCKS = YES;
				GCC_OPTIMIZATION_LEVEL = 0;
				GCC_PREPROCESSOR_DEFINITIONS = (
					"DEBUG=1",
					"$(inherited)",
				);
				GCC_WARN_64_TO_32_BIT_CONVERSION = YES;
				GCC_WARN_ABOUT_RETURN_TYPE = YES_ERROR;
				GCC_WARN_UNDECLARED_SELECTOR = YES;
				GCC_WARN_UNINITIALIZED_AUTOS = YES_AGGRESSIVE;
				GCC_WARN_UNUSED_FUNCTION = YES;
				GCC_WARN_UNUSED_VARIABLE = YES;
				IPHONEOS_DEPLOYMENT_TARGET = 13.0;
				MTL_ENABLE_DEBUG_INFO = INCLUDE_SOURCE;
				MTL_FAST_MATH = YES;
				ONLY_ACTIVE_ARCH = YES;
				SDKROOT = iphoneos;
				SWIFT_ACTIVE_COMPILATION_CONDITIONS = DEBUG;
				SWIFT_OPTIMIZATION_LEVEL = "-Onone";
			};
			name = Debug;
		};
		71F85DC02830D607008E5A95 /* Release */ = {
			isa = XCBuildConfiguration;
			buildSettings = {
				ALWAYS_SEARCH_USER_PATHS = NO;
				CLANG_ANALYZER_NONNULL = YES;
				CLANG_ANALYZER_NUMBER_OBJECT_CONVERSION = YES_AGGRESSIVE;
				CLANG_CXX_LANGUAGE_STANDARD = "gnu++17";
				CLANG_ENABLE_MODULES = YES;
				CLANG_ENABLE_OBJC_ARC = YES;
				CLANG_ENABLE_OBJC_WEAK = YES;
				CLANG_WARN_BLOCK_CAPTURE_AUTORELEASING = YES;
				CLANG_WARN_BOOL_CONVERSION = YES;
				CLANG_WARN_COMMA = YES;
				CLANG_WARN_CONSTANT_CONVERSION = YES;
				CLANG_WARN_DEPRECATED_OBJC_IMPLEMENTATIONS = YES;
				CLANG_WARN_DIRECT_OBJC_ISA_USAGE = YES_ERROR;
				CLANG_WARN_DOCUMENTATION_COMMENTS = YES;
				CLANG_WARN_EMPTY_BODY = YES;
				CLANG_WARN_ENUM_CONVERSION = YES;
				CLANG_WARN_INFINITE_RECURSION = YES;
				CLANG_WARN_INT_CONVERSION = YES;
				CLANG_WARN_NON_LITERAL_NULL_CONVERSION = YES;
				CLANG_WARN_OBJC_IMPLICIT_RETAIN_SELF = YES;
				CLANG_WARN_OBJC_LITERAL_CONVERSION = YES;
				CLANG_WARN_OBJC_ROOT_CLASS = YES_ERROR;
				CLANG_WARN_QUOTED_INCLUDE_IN_FRAMEWORK_HEADER = YES;
				CLANG_WARN_RANGE_LOOP_ANALYSIS = YES;
				CLANG_WARN_STRICT_PROTOTYPES = YES;
				CLANG_WARN_SUSPICIOUS_MOVE = YES;
				CLANG_WARN_UNGUARDED_AVAILABILITY = YES_AGGRESSIVE;
				CLANG_WARN_UNREACHABLE_CODE = YES;
				CLANG_WARN__DUPLICATE_METHOD_MATCH = YES;
				COPY_PHASE_STRIP = NO;
				DEBUG_INFORMATION_FORMAT = "dwarf-with-dsym";
				ENABLE_NS_ASSERTIONS = NO;
				ENABLE_STRICT_OBJC_MSGSEND = YES;
				GCC_C_LANGUAGE_STANDARD = gnu11;
				GCC_NO_COMMON_BLOCKS = YES;
				GCC_WARN_64_TO_32_BIT_CONVERSION = YES;
				GCC_WARN_ABOUT_RETURN_TYPE = YES_ERROR;
				GCC_WARN_UNDECLARED_SELECTOR = YES;
				GCC_WARN_UNINITIALIZED_AUTOS = YES_AGGRESSIVE;
				GCC_WARN_UNUSED_FUNCTION = YES;
				GCC_WARN_UNUSED_VARIABLE = YES;
				IPHONEOS_DEPLOYMENT_TARGET = 13.0;
				MTL_ENABLE_DEBUG_INFO = NO;
				MTL_FAST_MATH = YES;
				SDKROOT = iphoneos;
				SWIFT_COMPILATION_MODE = wholemodule;
				SWIFT_OPTIMIZATION_LEVEL = "-O";
				VALIDATE_PRODUCT = YES;
			};
			name = Release;
		};
		71F85DC22830D607008E5A95 /* Debug */ = {
			isa = XCBuildConfiguration;
			buildSettings = {
				ASSETCATALOG_COMPILER_APPICON_NAME = AppIcon;
				ASSETCATALOG_COMPILER_GLOBAL_ACCENT_COLOR_NAME = AccentColor;
				CODE_SIGN_STYLE = Automatic;
				CURRENT_PROJECT_VERSION = 1;
				DEVELOPMENT_ASSET_PATHS = "\"HoneyMoon/Preview Content\"";
				DEVELOPMENT_TEAM = 2AVBY9XRGK;
				ENABLE_PREVIEWS = YES;
				GENERATE_INFOPLIST_FILE = YES;
				INFOPLIST_FILE = HoneyMoon/Info.plist;
				INFOPLIST_KEY_UIApplicationSupportsIndirectInputEvents = YES;
				INFOPLIST_KEY_UILaunchScreen_Generation = YES;
				INFOPLIST_KEY_UILaunchStoryboardName = "Launch Screen";
				INFOPLIST_KEY_UISupportedInterfaceOrientations_iPad = "UIInterfaceOrientationPortrait UIInterfaceOrientationPortraitUpsideDown UIInterfaceOrientationLandscapeLeft UIInterfaceOrientationLandscapeRight";
				INFOPLIST_KEY_UISupportedInterfaceOrientations_iPhone = UIInterfaceOrientationPortrait;
				LD_RUNPATH_SEARCH_PATHS = (
					"$(inherited)",
					"@executable_path/Frameworks",
				);
				MARKETING_VERSION = 1.0;
				PRODUCT_BUNDLE_IDENTIFIER = zeyad.HoneyMoon;
				PRODUCT_NAME = "$(TARGET_NAME)";
				SWIFT_EMIT_LOC_STRINGS = YES;
				SWIFT_VERSION = 5.0;
				TARGETED_DEVICE_FAMILY = "1,2";
			};
			name = Debug;
		};
		71F85DC32830D607008E5A95 /* Release */ = {
			isa = XCBuildConfiguration;
			buildSettings = {
				ASSETCATALOG_COMPILER_APPICON_NAME = AppIcon;
				ASSETCATALOG_COMPILER_GLOBAL_ACCENT_COLOR_NAME = AccentColor;
				CODE_SIGN_STYLE = Automatic;
				CURRENT_PROJECT_VERSION = 1;
				DEVELOPMENT_ASSET_PATHS = "\"HoneyMoon/Preview Content\"";
				DEVELOPMENT_TEAM = 2AVBY9XRGK;
				ENABLE_PREVIEWS = YES;
				GENERATE_INFOPLIST_FILE = YES;
				INFOPLIST_FILE = HoneyMoon/Info.plist;
				INFOPLIST_KEY_UIApplicationSupportsIndirectInputEvents = YES;
				INFOPLIST_KEY_UILaunchScreen_Generation = YES;
				INFOPLIST_KEY_UILaunchStoryboardName = "Launch Screen";
				INFOPLIST_KEY_UISupportedInterfaceOrientations_iPad = "UIInterfaceOrientationPortrait UIInterfaceOrientationPortraitUpsideDown UIInterfaceOrientationLandscapeLeft UIInterfaceOrientationLandscapeRight";
				INFOPLIST_KEY_UISupportedInterfaceOrientations_iPhone = UIInterfaceOrientationPortrait;
				LD_RUNPATH_SEARCH_PATHS = (
					"$(inherited)",
					"@executable_path/Frameworks",
				);
				MARKETING_VERSION = 1.0;
				PRODUCT_BUNDLE_IDENTIFIER = zeyad.HoneyMoon;
				PRODUCT_NAME = "$(TARGET_NAME)";
				SWIFT_EMIT_LOC_STRINGS = YES;
				SWIFT_VERSION = 5.0;
				TARGETED_DEVICE_FAMILY = "1,2";
			};
			name = Release;
		};
/* End XCBuildConfiguration section */

/* Begin XCConfigurationList section */
		71F85DAE2830D606008E5A95 /* Build configuration list for PBXProject "HoneyMoon" */ = {
			isa = XCConfigurationList;
			buildConfigurations = (
				71F85DBF2830D607008E5A95 /* Debug */,
				71F85DC02830D607008E5A95 /* Release */,
			);
			defaultConfigurationIsVisible = 0;
			defaultConfigurationName = Release;
		};
		71F85DC12830D607008E5A95 /* Build configuration list for PBXNativeTarget "HoneyMoon" */ = {
			isa = XCConfigurationList;
			buildConfigurations = (
				71F85DC22830D607008E5A95 /* Debug */,
				71F85DC32830D607008E5A95 /* Release */,
			);
			defaultConfigurationIsVisible = 0;
			defaultConfigurationName = Release;
		};
/* End XCConfigurationList section */
	};
	rootObject = 71F85DAB2830D606008E5A95 /* Project object */;
}
